{
  "projects": [
    {
      "projectId": "seaQhLVS4bbjiGvJJrRwyL",
      "version": "15.0.3",
      "dependencies": {},
      "lang": "ts",
      "fileLocks": [
        {
          "assetId": "seaQhLVS4bbjiGvJJrRwyL",
          "type": "projectCss",
          "checksum": "96d0c5256c70ddefc2366d3580ce9213"
        }
      ],
      "codegenVersion": "0.0.1"
    },
    {
      "projectId": "izpLuD9XfjEg4waoVkj7iA",
      "version": "latest",
      "dependencies": {
        "seaQhLVS4bbjiGvJJrRwyL": "15.0.3"
      },
      "lang": "ts",
      "fileLocks": [
        {
          "type": "globalVariant",
          "assetId": "9LdGg6iuIX6dD-",
          "checksum": "df37297f6e8fd358c0b454706a34298a"
        },
        {
          "type": "renderModule",
          "assetId": "ZAbr3NBY_fuT_",
          "checksum": "918c7a4af88050ed4902802b1f2afdb5"
        },
        {
          "type": "cssRules",
          "assetId": "ZAbr3NBY_fuT_",
          "checksum": "918c7a4af88050ed4902802b1f2afdb5"
        },
        {
          "type": "renderModule",
          "assetId": "RIHzkpHfYmQDH",
          "checksum": "0250f35db3c1abd2139e5d1eee29c2d9"
        },
        {
          "type": "cssRules",
          "assetId": "RIHzkpHfYmQDH",
          "checksum": "0250f35db3c1abd2139e5d1eee29c2d9"
        },
        {
          "type": "renderModule",
          "assetId": "p09lbHgG8Ulsh",
          "checksum": "2351d1920956adefc6bf173d41b16ae8"
        },
        {
          "type": "cssRules",
          "assetId": "p09lbHgG8Ulsh",
          "checksum": "2351d1920956adefc6bf173d41b16ae8"
        },
        {
          "type": "renderModule",
          "assetId": "XuMN_M3Xg6uolp",
          "checksum": "e97b3039c088c4bd0029068de312301f"
        },
        {
          "type": "cssRules",
          "assetId": "XuMN_M3Xg6uolp",
          "checksum": "e97b3039c088c4bd0029068de312301f"
        },
        {
          "type": "renderModule",
          "assetId": "RBbXaPsyk7f7zM",
          "checksum": "aac121ef7547030241a2ed521af60d1b"
        },
        {
          "type": "cssRules",
          "assetId": "RBbXaPsyk7f7zM",
          "checksum": "aac121ef7547030241a2ed521af60d1b"
        },
        {
          "type": "renderModule",
          "assetId": "e9zLDLifxsP30Z",
          "checksum": "2afefd236ac403ce932f5328306e5220"
        },
        {
          "type": "cssRules",
          "assetId": "e9zLDLifxsP30Z",
          "checksum": "2afefd236ac403ce932f5328306e5220"
        },
        {
          "type": "renderModule",
          "assetId": "AcS62u6N3jxljG",
          "checksum": "3b7b4b1b1c1e61d84721373fb047f808"
        },
        {
          "type": "cssRules",
          "assetId": "AcS62u6N3jxljG",
          "checksum": "3b7b4b1b1c1e61d84721373fb047f808"
        },
        {
          "type": "renderModule",
          "assetId": "gtJb5pCoempr4F",
          "checksum": "d712af83be12bac979e2a1c4de5f676f"
        },
        {
          "type": "cssRules",
          "assetId": "gtJb5pCoempr4F",
          "checksum": "d712af83be12bac979e2a1c4de5f676f"
        },
        {
          "type": "renderModule",
          "assetId": "AYdZ6jQDwYWu6U",
          "checksum": "98e525333794f14c5b8e92a0e662d2f9"
        },
        {
          "type": "cssRules",
          "assetId": "AYdZ6jQDwYWu6U",
          "checksum": "98e525333794f14c5b8e92a0e662d2f9"
        },
        {
          "type": "renderModule",
          "assetId": "vNbrVLPgRg9Evc",
          "checksum": "23b02ccc8f0e61d86ee009460844da68"
        },
        {
          "type": "cssRules",
          "assetId": "vNbrVLPgRg9Evc",
          "checksum": "23b02ccc8f0e61d86ee009460844da68"
        },
        {
          "type": "renderModule",
          "assetId": "ODIlYYxcIH2",
          "checksum": "1499e33b0ba67fa1f394e7286ed171d4"
        },
        {
          "type": "cssRules",
          "assetId": "ODIlYYxcIH2",
          "checksum": "1499e33b0ba67fa1f394e7286ed171d4"
        },
        {
          "type": "icon",
          "assetId": "XqyO9g66w1SEY",
          "checksum": "91e241a4da06574ceac043a6bef1eb4e"
        },
        {
          "type": "icon",
          "assetId": "_E4PzdJoxNeuZ",
          "checksum": "fd8cbaf45e635ef356ce8f47cbf7f49b"
        },
        {
          "type": "icon",
          "assetId": "2gRLbBKmsH-OH",
          "checksum": "6d1527bd385f2aa9deb02db8db1b1a6f"
        },
        {
          "type": "icon",
          "assetId": "TczHNYGk4-dPv",
          "checksum": "8cfafb3511a369ee2936d90789a69902"
        },
        {
          "type": "icon",
          "assetId": "IISRE_AvQ5ZI8",
          "checksum": "c0b30a7d38283d7dd9765cf621c334ea"
        },
        {
          "type": "icon",
          "assetId": "b77fuMGnN_AlW",
          "checksum": "c2bae18a8243e0ae293bf22003fa4e97"
        },
        {
          "type": "icon",
          "assetId": "sED9Jvr0wFiUi",
          "checksum": "1a0f3053c7e16d8f1da29e24af6a36b8"
        },
        {
          "type": "icon",
          "assetId": "PeOpgGn0BcCwj",
          "checksum": "39e3d46c653398c91ce4bffdaa343e33"
        },
        {
          "type": "icon",
          "assetId": "RJx8AMviA1YUh",
          "checksum": "52d6b81599847b967b15c88db80bef05"
        },
        {
          "type": "icon",
          "assetId": "1-lXxs2Ob27Br",
          "checksum": "29a09fcccaadc64e0d6c7e992547f3e1"
        },
        {
          "type": "icon",
          "assetId": "GoRCmRbc8FkVW",
          "checksum": "25442e81831fbb14bc2944fb09d846f5"
        },
        {
          "type": "icon",
          "assetId": "W1Gqv30pOFti8",
          "checksum": "b99325e9384e4a7c5e743cdf1809fb3d"
        },
        {
          "type": "icon",
          "assetId": "-5MG9_UBI3MwK",
          "checksum": "cfcb9c68fb00264ca77447ebf5c12268"
        },
        {
          "type": "icon",
          "assetId": "bouj9ykPTtMd8",
          "checksum": "9090b04d3529366acb1b9e749cde8b1f"
        },
        {
          "type": "icon",
          "assetId": "RngyH6-JSoWhf",
          "checksum": "71f7b1b9d5b74192c08fe67ed60e0326"
        },
        {
          "type": "icon",
          "assetId": "ln6o0MoPngyoE",
          "checksum": "8faa9b042ce0874d830df35de1462526"
        },
        {
          "type": "icon",
          "assetId": "5YsFJo8XfJ7Qt",
          "checksum": "cc876615de86f2f952ade3faace31d4f"
        },
        {
          "type": "icon",
          "assetId": "vahmpdJ5t5G",
          "checksum": "d7b26d5b1692e1f1cbefee2a74510734"
        },
        {
          "type": "icon",
          "assetId": "Nz8pgkPOyWh",
          "checksum": "0e1a38def308fad77152ee0a0dfbe4cd"
        },
        {
          "type": "image",
          "assetId": "u6jykaFszZBK3",
          "checksum": "08d25cfaf86071ff20568ca7e540a540"
        },
        {
          "type": "image",
          "assetId": "TJepxjm_hzxZN",
          "checksum": "2142607eea6c61f4759a72ff8b54e189"
        },
        {
          "type": "image",
          "assetId": "WOmc-OBl_YAxB",
          "checksum": "ec698481c6d2beae51fe019e0d99137c"
        },
        {
          "type": "image",
          "assetId": "P3IrwvotSVFvC",
          "checksum": "40de7fe20cb5988fc372bb945a6e0c4c"
        },
        {
          "type": "image",
          "assetId": "R8kKDk9gJWs0L",
          "checksum": "bb99618523de0506df6452148bbcd3f9"
        },
        {
          "type": "image",
          "assetId": "H31L9EmmR6hHZ",
          "checksum": "22709c618e0b1253e154995c8de6fce5"
        },
        {
          "type": "image",
          "assetId": "4SryBTVEK8Zss",
          "checksum": "ca755c36ad4ff7d5a149f35d41dc38b3"
        },
        {
          "type": "image",
          "assetId": "eNXEyoyznQGZu",
          "checksum": "8622d9dea4d478e03af9e4e8d4c9bf4f"
        },
        {
          "type": "image",
          "assetId": "kguWpVQA5PKML",
          "checksum": "af28a30a9781a1c476668ba6a6eb0edc"
        },
        {
          "type": "image",
          "assetId": "23o4_-aHG-Xsu",
          "checksum": "cc888471d52d3d8cb9a00ee431cce4ec"
        },
        {
          "type": "image",
          "assetId": "Uq2hCgmKg6R4b",
          "checksum": "d3b83ee4e6207669a2a27babf411c17f"
        },
        {
          "type": "image",
          "assetId": "tSmlt0tQQA4q3",
          "checksum": "5021bb1caff13a0e1aaf44f72608cd28"
        },
        {
          "type": "image",
          "assetId": "M9WrsxX1wLhW-",
          "checksum": "fa8ccb579ad76290a23bd190bc763181"
        },
        {
          "type": "image",
          "assetId": "QSgR2oh6qcKu4",
          "checksum": "babe285ab595ebc4b327121e9c4e60d2"
        },
        {
          "type": "image",
          "assetId": "077aVspmX24Ki",
          "checksum": "f17f149672c234f86fb25303e28840f1"
        },
        {
          "type": "image",
          "assetId": "B72lbc0YUn1TC",
          "checksum": "98131a6f886a8a91f9bbf1bfc4d2b92f"
        },
        {
          "type": "image",
          "assetId": "dPt2xK_OYqqmx",
          "checksum": "fa9415305ad3744305419bd9b0a65e68"
        },
        {
          "type": "image",
          "assetId": "wtmL_7laKq4Ik",
          "checksum": "18815643c318de8257be6366ea8d7237"
        },
        {
          "type": "image",
          "assetId": "LJpB-7rMat1vL",
          "checksum": "16958f8b8faa04231a7c776d933a2464"
        },
        {
          "type": "image",
          "assetId": "-xCe_1maQEDb1",
          "checksum": "7a26d3aea8d9d2c4851f4384c0968360"
        },
        {
          "type": "image",
          "assetId": "9bUMjfm7OT1cf",
          "checksum": "a80b34c58d3fccd88c939d91e86b60dc"
        },
        {
          "type": "image",
          "assetId": "ch2-j2RoK0s7W",
          "checksum": "daf6e20e6ad1031ca85d63917ec98f6f"
        },
        {
          "type": "image",
          "assetId": "FG94k0qbDg7C5",
          "checksum": "f6896d254c33f7593eb8f8579135acbc"
        },
        {
          "type": "image",
          "assetId": "CkhWwwpwx9y_X",
          "checksum": "fb50f6f0e92cde55c705552213aa8f07"
        },
        {
          "type": "image",
          "assetId": "NIWt2-hoATxRS",
          "checksum": "72d50d06ccc560712bf9bbc904a637b4"
        },
        {
          "assetId": "izpLuD9XfjEg4waoVkj7iA",
          "type": "projectCss",
          "checksum": "af7d72db901f611254e3190fef769c8b"
        },
        {
          "type": "renderModule",
          "assetId": "vBSG9Cbg6O",
          "checksum": "6a881402f88dae52e4b189d6d186c684"
        },
        {
          "type": "cssRules",
          "assetId": "vBSG9Cbg6O",
          "checksum": "6a881402f88dae52e4b189d6d186c684"
        }
      ],
      "codegenVersion": "0.0.1"
    }
  ],
  "cliVersion": "0.1.175"
}
